// !$*UTF8*$!
{
	archiveVersion = 1;
	classes = {
	};
	objectVersion = 46;
	objects = {

/* Begin PBXBuildFile section */
		310C28A359B7CFA1C73868B0 /* Pods_YKCommonLibrary_Example.framework in Frameworks */ = {isa = PBXBuildFile; fileRef = 33750133271BA72BB78987D0 /* Pods_YKCommonLibrary_Example.framework */; };
		607FACD61AFB9204008FA782 /* AppDelegate.swift in Sources */ = {isa = PBXBuildFile; fileRef = 607FACD51AFB9204008FA782 /* AppDelegate.swift */; };
		607FACDB1AFB9204008FA782 /* Main.storyboard in Resources */ = {isa = PBXBuildFile; fileRef = 607FACD91AFB9204008FA782 /* Main.storyboard */; };
		607FACDD1AFB9204008FA782 /* Images.xcassets in Resources */ = {isa = PBXBuildFile; fileRef = 607FACDC1AFB9204008FA782 /* Images.xcassets */; };
		607FACE01AFB9204008FA782 /* LaunchScreen.xib in Resources */ = {isa = PBXBuildFile; fileRef = 607FACDE1AFB9204008FA782 /* LaunchScreen.xib */; };
		607FACEC1AFB9204008FA782 /* Tests.swift in Sources */ = {isa = PBXBuildFile; fileRef = 607FACEB1AFB9204008FA782 /* Tests.swift */; };
		9591A27C7F2AC13BF7581BAC /* Pods_YKCommonLibrary_Tests.framework in Frameworks */ = {isa = PBXBuildFile; fileRef = 56DFF35AFB6A4C06FF7D801C /* Pods_YKCommonLibrary_Tests.framework */; };
		FA09E94E2153831F00A87FC2 /* BaseViewTests.swift in Sources */ = {isa = PBXBuildFile; fileRef = FA77F44C215375D100E81DB5 /* BaseViewTests.swift */; };
		FA16F341215644050051154B /* AppConfigurator.swift in Sources */ = {isa = PBXBuildFile; fileRef = FAE773582155C121009EFB13 /* AppConfigurator.swift */; };
		FA43A92A215A57EB00407391 /* ConfigurationJSONTests.swift in Sources */ = {isa = PBXBuildFile; fileRef = FA43A929215A57EB00407391 /* ConfigurationJSONTests.swift */; };
		FA51FE042153F171004E9970 /* YKBaseView.swift in Sources */ = {isa = PBXBuildFile; fileRef = FABBCB2621537C3E000E7209 /* YKBaseView.swift */; };
		FA51FE052153F24A004E9970 /* YKBaseView.xib in Resources */ = {isa = PBXBuildFile; fileRef = FABBCB2821537CBA000E7209 /* YKBaseView.xib */; };
		FA51FE0D2154192B004E9970 /* ConfiguratorTests.swift in Sources */ = {isa = PBXBuildFile; fileRef = FA51FE0C2154192B004E9970 /* ConfiguratorTests.swift */; };
		FA51FE1021541A0A004E9970 /* YKButtonConfig.json in Resources */ = {isa = PBXBuildFile; fileRef = FA51FE0F21541A0A004E9970 /* YKButtonConfig.json */; };
		FA5A200A21551AB2006D1392 /* YKLabelConfig.json in Resources */ = {isa = PBXBuildFile; fileRef = FA5A200921551AB2006D1392 /* YKLabelConfig.json */; };
		FA5A200D215523CE006D1392 /* YKBaseLabel.swift in Sources */ = {isa = PBXBuildFile; fileRef = FA5A200C215523CE006D1392 /* YKBaseLabel.swift */; };
		FA5A200F2155516C006D1392 /* BaseTextFieldTests.swift in Sources */ = {isa = PBXBuildFile; fileRef = FA5A200E2155516C006D1392 /* BaseTextFieldTests.swift */; };
		FA5A201321555C25006D1392 /* YKTextFieldConfig.json in Resources */ = {isa = PBXBuildFile; fileRef = FA5A201221555C25006D1392 /* YKTextFieldConfig.json */; };
		FA5A201621555C8C006D1392 /* YKTextField.swift in Sources */ = {isa = PBXBuildFile; fileRef = FA5A201521555C8C006D1392 /* YKTextField.swift */; };
		FA5A2018215563A1006D1392 /* YKTextField.swift in Sources */ = {isa = PBXBuildFile; fileRef = FA5A201521555C8C006D1392 /* YKTextField.swift */; };
		FA5D8C262163947000DB5006 /* SplashJSON.json in Resources */ = {isa = PBXBuildFile; fileRef = FA5D8C252163947000DB5006 /* SplashJSON.json */; };
		FA5D8C292163949800DB5006 /* Splash.swift in Sources */ = {isa = PBXBuildFile; fileRef = FA5D8C282163949800DB5006 /* Splash.swift */; };
		FA5D8C2B216394A500DB5006 /* SplashViewModel.swift in Sources */ = {isa = PBXBuildFile; fileRef = FA5D8C2A216394A500DB5006 /* SplashViewModel.swift */; };
		FA5D8C2F2163A8A500DB5006 /* SplashView.swift in Sources */ = {isa = PBXBuildFile; fileRef = FA5D8C2E2163A8A500DB5006 /* SplashView.swift */; };
		FA5D8C312163A8AF00DB5006 /* SplashView.xib in Resources */ = {isa = PBXBuildFile; fileRef = FA5D8C302163A8AF00DB5006 /* SplashView.xib */; };
		FA5D8C342163ADA000DB5006 /* SplashVC.swift in Sources */ = {isa = PBXBuildFile; fileRef = FA5D8C332163ADA000DB5006 /* SplashVC.swift */; };
		FA802F9C21538D2200B4A21F /* YKBaseButton.swift in Sources */ = {isa = PBXBuildFile; fileRef = FA802F9B21538D2200B4A21F /* YKBaseButton.swift */; };
		FA91A6022152596500FDA55B /* BaseButtonTests.swift in Sources */ = {isa = PBXBuildFile; fileRef = FA3C8659215258BB00727908 /* BaseButtonTests.swift */; };
		FA91A60421525C0F00FDA55B /* BaseLabelTests.swift in Sources */ = {isa = PBXBuildFile; fileRef = FA91A60321525C0F00FDA55B /* BaseLabelTests.swift */; };
		FA933CB721A84755001B84A0 /* YKTextViewConfig.json in Resources */ = {isa = PBXBuildFile; fileRef = FA933CB621A84755001B84A0 /* YKTextViewConfig.json */; };
		FA933CB921A8477A001B84A0 /* YKBaseLabel.swift in Sources */ = {isa = PBXBuildFile; fileRef = FA5A200C215523CE006D1392 /* YKBaseLabel.swift */; };
		FA933CBB21A84796001B84A0 /* YKTextView.swift in Sources */ = {isa = PBXBuildFile; fileRef = FA933CBA21A84796001B84A0 /* YKTextView.swift */; };
		FABBCB2721537C3E000E7209 /* YKBaseView.swift in Sources */ = {isa = PBXBuildFile; fileRef = FABBCB2621537C3E000E7209 /* YKBaseView.swift */; };
		FABBCB2921537CBA000E7209 /* YKBaseView.xib in Resources */ = {isa = PBXBuildFile; fileRef = FABBCB2821537CBA000E7209 /* YKBaseView.xib */; };
		FAE773592155C121009EFB13 /* AppConfigurator.swift in Sources */ = {isa = PBXBuildFile; fileRef = FAE773582155C121009EFB13 /* AppConfigurator.swift */; };
		FAE7735B2155C14A009EFB13 /* AppConfiguratorTests.swift in Sources */ = {isa = PBXBuildFile; fileRef = FAE7735A2155C14A009EFB13 /* AppConfiguratorTests.swift */; };
		FAF6441D215396CB00C3935B /* YKBaseButton.swift in Sources */ = {isa = PBXBuildFile; fileRef = FA802F9B21538D2200B4A21F /* YKBaseButton.swift */; };
/* End PBXBuildFile section */

/* Begin PBXContainerItemProxy section */
		607FACE61AFB9204008FA782 /* PBXContainerItemProxy */ = {
			isa = PBXContainerItemProxy;
			containerPortal = 607FACC81AFB9204008FA782 /* Project object */;
			proxyType = 1;
			remoteGlobalIDString = 607FACCF1AFB9204008FA782;
			remoteInfo = YKCommonLibrary;
		};
/* End PBXContainerItemProxy section */

/* Begin PBXFileReference section */
		1A0767A131AB4A483E9CDE89 /* Pods-YKCommonLibrary_Tests.release.xcconfig */ = {isa = PBXFileReference; includeInIndex = 1; lastKnownFileType = text.xcconfig; name = "Pods-YKCommonLibrary_Tests.release.xcconfig"; path = "Pods/Target Support Files/Pods-YKCommonLibrary_Tests/Pods-YKCommonLibrary_Tests.release.xcconfig"; sourceTree = "<group>"; };
		2B5BF9C5B85D61216542F94E /* Pods-YKCommonLibrary_Example.release.xcconfig */ = {isa = PBXFileReference; includeInIndex = 1; lastKnownFileType = text.xcconfig; name = "Pods-YKCommonLibrary_Example.release.xcconfig"; path = "Pods/Target Support Files/Pods-YKCommonLibrary_Example/Pods-YKCommonLibrary_Example.release.xcconfig"; sourceTree = "<group>"; };
		33750133271BA72BB78987D0 /* Pods_YKCommonLibrary_Example.framework */ = {isa = PBXFileReference; explicitFileType = wrapper.framework; includeInIndex = 0; path = Pods_YKCommonLibrary_Example.framework; sourceTree = BUILT_PRODUCTS_DIR; };
		4296AE4D6201887EFCE876C4 /* README.md */ = {isa = PBXFileReference; includeInIndex = 1; lastKnownFileType = net.daringfireball.markdown; name = README.md; path = ../README.md; sourceTree = "<group>"; };
		56DFF35AFB6A4C06FF7D801C /* Pods_YKCommonLibrary_Tests.framework */ = {isa = PBXFileReference; explicitFileType = wrapper.framework; includeInIndex = 0; path = Pods_YKCommonLibrary_Tests.framework; sourceTree = BUILT_PRODUCTS_DIR; };
		607FACD01AFB9204008FA782 /* YKCommonLibrary_Example.app */ = {isa = PBXFileReference; explicitFileType = wrapper.application; includeInIndex = 0; path = YKCommonLibrary_Example.app; sourceTree = BUILT_PRODUCTS_DIR; };
		607FACD41AFB9204008FA782 /* Info.plist */ = {isa = PBXFileReference; lastKnownFileType = text.plist.xml; path = Info.plist; sourceTree = "<group>"; };
		607FACD51AFB9204008FA782 /* AppDelegate.swift */ = {isa = PBXFileReference; lastKnownFileType = sourcecode.swift; path = AppDelegate.swift; sourceTree = "<group>"; };
		607FACDA1AFB9204008FA782 /* Base */ = {isa = PBXFileReference; lastKnownFileType = file.storyboard; name = Base; path = Base.lproj/Main.storyboard; sourceTree = "<group>"; };
		607FACDC1AFB9204008FA782 /* Images.xcassets */ = {isa = PBXFileReference; lastKnownFileType = folder.assetcatalog; path = Images.xcassets; sourceTree = "<group>"; };
		607FACDF1AFB9204008FA782 /* Base */ = {isa = PBXFileReference; lastKnownFileType = file.xib; name = Base; path = Base.lproj/LaunchScreen.xib; sourceTree = "<group>"; };
		607FACE51AFB9204008FA782 /* YKCommonLibrary_Tests.xctest */ = {isa = PBXFileReference; explicitFileType = wrapper.cfbundle; includeInIndex = 0; path = YKCommonLibrary_Tests.xctest; sourceTree = BUILT_PRODUCTS_DIR; };
		607FACEA1AFB9204008FA782 /* Info.plist */ = {isa = PBXFileReference; lastKnownFileType = text.plist.xml; path = Info.plist; sourceTree = "<group>"; };
		607FACEB1AFB9204008FA782 /* Tests.swift */ = {isa = PBXFileReference; lastKnownFileType = sourcecode.swift; path = Tests.swift; sourceTree = "<group>"; };
		84F24814745FD35853958C46 /* Pods-YKCommonLibrary_Tests.debug.xcconfig */ = {isa = PBXFileReference; includeInIndex = 1; lastKnownFileType = text.xcconfig; name = "Pods-YKCommonLibrary_Tests.debug.xcconfig"; path = "Pods/Target Support Files/Pods-YKCommonLibrary_Tests/Pods-YKCommonLibrary_Tests.debug.xcconfig"; sourceTree = "<group>"; };
		9CEE8CE4F655249EBEA83F14 /* Pods-YKCommonLibrary_Example.debug.xcconfig */ = {isa = PBXFileReference; includeInIndex = 1; lastKnownFileType = text.xcconfig; name = "Pods-YKCommonLibrary_Example.debug.xcconfig"; path = "Pods/Target Support Files/Pods-YKCommonLibrary_Example/Pods-YKCommonLibrary_Example.debug.xcconfig"; sourceTree = "<group>"; };
		AEFC0A403D51D9390967D1E4 /* LICENSE */ = {isa = PBXFileReference; includeInIndex = 1; lastKnownFileType = text; name = LICENSE; path = ../LICENSE; sourceTree = "<group>"; };
		B90DF638E56EEC78F4E11315 /* YKCommonLibrary.podspec */ = {isa = PBXFileReference; includeInIndex = 1; lastKnownFileType = text; name = YKCommonLibrary.podspec; path = ../YKCommonLibrary.podspec; sourceTree = "<group>"; xcLanguageSpecificationIdentifier = xcode.lang.ruby; };
		FA3C8659215258BB00727908 /* BaseButtonTests.swift */ = {isa = PBXFileReference; lastKnownFileType = sourcecode.swift; path = BaseButtonTests.swift; sourceTree = "<group>"; };
		FA43A929215A57EB00407391 /* ConfigurationJSONTests.swift */ = {isa = PBXFileReference; lastKnownFileType = sourcecode.swift; path = ConfigurationJSONTests.swift; sourceTree = "<group>"; };
		FA51FE0C2154192B004E9970 /* ConfiguratorTests.swift */ = {isa = PBXFileReference; lastKnownFileType = sourcecode.swift; path = ConfiguratorTests.swift; sourceTree = "<group>"; };
		FA51FE0F21541A0A004E9970 /* YKButtonConfig.json */ = {isa = PBXFileReference; lastKnownFileType = text.json; name = YKButtonConfig.json; path = YKCommonLibrary/YKButtonConfig.json; sourceTree = SOURCE_ROOT; };
		FA5A200921551AB2006D1392 /* YKLabelConfig.json */ = {isa = PBXFileReference; lastKnownFileType = text.json; path = YKLabelConfig.json; sourceTree = "<group>"; };
		FA5A200C215523CE006D1392 /* YKBaseLabel.swift */ = {isa = PBXFileReference; lastKnownFileType = sourcecode.swift; path = YKBaseLabel.swift; sourceTree = "<group>"; };
		FA5A200E2155516C006D1392 /* BaseTextFieldTests.swift */ = {isa = PBXFileReference; lastKnownFileType = sourcecode.swift; path = BaseTextFieldTests.swift; sourceTree = "<group>"; };
		FA5A201221555C25006D1392 /* YKTextFieldConfig.json */ = {isa = PBXFileReference; lastKnownFileType = text.json; path = YKTextFieldConfig.json; sourceTree = "<group>"; };
		FA5A201521555C8C006D1392 /* YKTextField.swift */ = {isa = PBXFileReference; lastKnownFileType = sourcecode.swift; path = YKTextField.swift; sourceTree = "<group>"; };
		FA5D8C252163947000DB5006 /* SplashJSON.json */ = {isa = PBXFileReference; lastKnownFileType = text.json; path = SplashJSON.json; sourceTree = "<group>"; };
		FA5D8C282163949800DB5006 /* Splash.swift */ = {isa = PBXFileReference; lastKnownFileType = sourcecode.swift; path = Splash.swift; sourceTree = "<group>"; };
		FA5D8C2A216394A500DB5006 /* SplashViewModel.swift */ = {isa = PBXFileReference; lastKnownFileType = sourcecode.swift; path = SplashViewModel.swift; sourceTree = "<group>"; };
		FA5D8C2E2163A8A500DB5006 /* SplashView.swift */ = {isa = PBXFileReference; lastKnownFileType = sourcecode.swift; path = SplashView.swift; sourceTree = "<group>"; };
		FA5D8C302163A8AF00DB5006 /* SplashView.xib */ = {isa = PBXFileReference; lastKnownFileType = file.xib; path = SplashView.xib; sourceTree = "<group>"; };
		FA5D8C332163ADA000DB5006 /* SplashVC.swift */ = {isa = PBXFileReference; lastKnownFileType = sourcecode.swift; path = SplashVC.swift; sourceTree = "<group>"; };
		FA77F44C215375D100E81DB5 /* BaseViewTests.swift */ = {isa = PBXFileReference; lastKnownFileType = sourcecode.swift; path = BaseViewTests.swift; sourceTree = "<group>"; };
		FA802F9B21538D2200B4A21F /* YKBaseButton.swift */ = {isa = PBXFileReference; lastKnownFileType = sourcecode.swift; path = YKBaseButton.swift; sourceTree = "<group>"; };
		FA91A60321525C0F00FDA55B /* BaseLabelTests.swift */ = {isa = PBXFileReference; lastKnownFileType = sourcecode.swift; path = BaseLabelTests.swift; sourceTree = "<group>"; };
		FA933CB621A84755001B84A0 /* YKTextViewConfig.json */ = {isa = PBXFileReference; lastKnownFileType = text.json; path = YKTextViewConfig.json; sourceTree = "<group>"; };
		FA933CBA21A84796001B84A0 /* YKTextView.swift */ = {isa = PBXFileReference; lastKnownFileType = sourcecode.swift; path = YKTextView.swift; sourceTree = "<group>"; };
		FABBCB2621537C3E000E7209 /* YKBaseView.swift */ = {isa = PBXFileReference; lastKnownFileType = sourcecode.swift; path = YKBaseView.swift; sourceTree = "<group>"; };
		FABBCB2821537CBA000E7209 /* YKBaseView.xib */ = {isa = PBXFileReference; lastKnownFileType = file.xib; path = YKBaseView.xib; sourceTree = "<group>"; };
		FAE773582155C121009EFB13 /* AppConfigurator.swift */ = {isa = PBXFileReference; lastKnownFileType = sourcecode.swift; path = AppConfigurator.swift; sourceTree = "<group>"; };
		FAE7735A2155C14A009EFB13 /* AppConfiguratorTests.swift */ = {isa = PBXFileReference; lastKnownFileType = sourcecode.swift; path = AppConfiguratorTests.swift; sourceTree = "<group>"; };
/* End PBXFileReference section */

/* Begin PBXFrameworksBuildPhase section */
		607FACCD1AFB9204008FA782 /* Frameworks */ = {
			isa = PBXFrameworksBuildPhase;
			buildActionMask = 2147483647;
			files = (
				310C28A359B7CFA1C73868B0 /* Pods_YKCommonLibrary_Example.framework in Frameworks */,
			);
			runOnlyForDeploymentPostprocessing = 0;
		};
		607FACE21AFB9204008FA782 /* Frameworks */ = {
			isa = PBXFrameworksBuildPhase;
			buildActionMask = 2147483647;
			files = (
				9591A27C7F2AC13BF7581BAC /* Pods_YKCommonLibrary_Tests.framework in Frameworks */,
			);
			runOnlyForDeploymentPostprocessing = 0;
		};
/* End PBXFrameworksBuildPhase section */

/* Begin PBXGroup section */
		4710D64C8A3119F459589D3F /* Frameworks */ = {
			isa = PBXGroup;
			children = (
				33750133271BA72BB78987D0 /* Pods_YKCommonLibrary_Example.framework */,
				56DFF35AFB6A4C06FF7D801C /* Pods_YKCommonLibrary_Tests.framework */,
			);
			name = Frameworks;
			sourceTree = "<group>";
		};
		607FACC71AFB9204008FA782 = {
			isa = PBXGroup;
			children = (
				607FACF51AFB993E008FA782 /* Podspec Metadata */,
				607FACD21AFB9204008FA782 /* Example for YKCommonLibrary */,
				607FACE81AFB9204008FA782 /* Tests */,
				607FACD11AFB9204008FA782 /* Products */,
				76A7FB34C5B3CD11A21D6341 /* Pods */,
				4710D64C8A3119F459589D3F /* Frameworks */,
			);
			sourceTree = "<group>";
		};
		607FACD11AFB9204008FA782 /* Products */ = {
			isa = PBXGroup;
			children = (
				607FACD01AFB9204008FA782 /* YKCommonLibrary_Example.app */,
				607FACE51AFB9204008FA782 /* YKCommonLibrary_Tests.xctest */,
			);
			name = Products;
			sourceTree = "<group>";
		};
		607FACD21AFB9204008FA782 /* Example for YKCommonLibrary */ = {
			isa = PBXGroup;
			children = (
				FA933CB821A8476D001B84A0 /* CustomUI */,
				FA51FE0E215419BC004E9970 /* ConfigFiles */,
				FA5D8C322163AD8100DB5006 /* Controllers */,
				FA5D8C2C2163A88800DB5006 /* Views */,
				FA5D8C272163948200DB5006 /* Models */,
				607FACD51AFB9204008FA782 /* AppDelegate.swift */,
				FAE773582155C121009EFB13 /* AppConfigurator.swift */,
				607FACD91AFB9204008FA782 /* Main.storyboard */,
				607FACDC1AFB9204008FA782 /* Images.xcassets */,
				607FACDE1AFB9204008FA782 /* LaunchScreen.xib */,
				607FACD31AFB9204008FA782 /* Supporting Files */,
			);
			name = "Example for YKCommonLibrary";
			path = YKCommonLibrary;
			sourceTree = "<group>";
		};
		607FACD31AFB9204008FA782 /* Supporting Files */ = {
			isa = PBXGroup;
			children = (
				607FACD41AFB9204008FA782 /* Info.plist */,
			);
			name = "Supporting Files";
			sourceTree = "<group>";
		};
		607FACE81AFB9204008FA782 /* Tests */ = {
			isa = PBXGroup;
			children = (
				FAE7735A2155C14A009EFB13 /* AppConfiguratorTests.swift */,
				FA5A200E2155516C006D1392 /* BaseTextFieldTests.swift */,
				FA91A60321525C0F00FDA55B /* BaseLabelTests.swift */,
				FA3C8659215258BB00727908 /* BaseButtonTests.swift */,
				FA77F44C215375D100E81DB5 /* BaseViewTests.swift */,
				FA51FE0C2154192B004E9970 /* ConfiguratorTests.swift */,
				FA43A929215A57EB00407391 /* ConfigurationJSONTests.swift */,
				607FACEB1AFB9204008FA782 /* Tests.swift */,
				607FACE91AFB9204008FA782 /* Supporting Files */,
			);
			path = Tests;
			sourceTree = "<group>";
		};
		607FACE91AFB9204008FA782 /* Supporting Files */ = {
			isa = PBXGroup;
			children = (
				607FACEA1AFB9204008FA782 /* Info.plist */,
			);
			name = "Supporting Files";
			sourceTree = "<group>";
		};
		607FACF51AFB993E008FA782 /* Podspec Metadata */ = {
			isa = PBXGroup;
			children = (
				B90DF638E56EEC78F4E11315 /* YKCommonLibrary.podspec */,
				4296AE4D6201887EFCE876C4 /* README.md */,
				AEFC0A403D51D9390967D1E4 /* LICENSE */,
			);
			name = "Podspec Metadata";
			sourceTree = "<group>";
		};
		76A7FB34C5B3CD11A21D6341 /* Pods */ = {
			isa = PBXGroup;
			children = (
				9CEE8CE4F655249EBEA83F14 /* Pods-YKCommonLibrary_Example.debug.xcconfig */,
				2B5BF9C5B85D61216542F94E /* Pods-YKCommonLibrary_Example.release.xcconfig */,
				84F24814745FD35853958C46 /* Pods-YKCommonLibrary_Tests.debug.xcconfig */,
				1A0767A131AB4A483E9CDE89 /* Pods-YKCommonLibrary_Tests.release.xcconfig */,
			);
			name = Pods;
			sourceTree = "<group>";
		};
		FA51FE0E215419BC004E9970 /* ConfigFiles */ = {
			isa = PBXGroup;
			children = (
				FA5D8C232163908300DB5006 /* Module */,
				FA5D8C222163907900DB5006 /* UI */,
			);
			name = ConfigFiles;
			sourceTree = "<group>";
		};
		FA5D8C222163907900DB5006 /* UI */ = {
			isa = PBXGroup;
			children = (
				FA51FE0F21541A0A004E9970 /* YKButtonConfig.json */,
				FA5A200921551AB2006D1392 /* YKLabelConfig.json */,
				FA5A201221555C25006D1392 /* YKTextFieldConfig.json */,
				FA933CB621A84755001B84A0 /* YKTextViewConfig.json */,
			);
			name = UI;
			sourceTree = "<group>";
		};
		FA5D8C232163908300DB5006 /* Module */ = {
			isa = PBXGroup;
			children = (
				FA5D8C252163947000DB5006 /* SplashJSON.json */,
			);
			name = Module;
			sourceTree = "<group>";
		};
		FA5D8C272163948200DB5006 /* Models */ = {
			isa = PBXGroup;
			children = (
				FA5D8C282163949800DB5006 /* Splash.swift */,
				FA5D8C2A216394A500DB5006 /* SplashViewModel.swift */,
			);
			name = Models;
			sourceTree = "<group>";
		};
		FA5D8C2C2163A88800DB5006 /* Views */ = {
			isa = PBXGroup;
			children = (
				FA5D8C2D2163A88F00DB5006 /* Splash */,
			);
			name = Views;
			sourceTree = "<group>";
		};
		FA5D8C2D2163A88F00DB5006 /* Splash */ = {
			isa = PBXGroup;
			children = (
				FA5D8C2E2163A8A500DB5006 /* SplashView.swift */,
				FA5D8C302163A8AF00DB5006 /* SplashView.xib */,
			);
			name = Splash;
			sourceTree = "<group>";
		};
		FA5D8C322163AD8100DB5006 /* Controllers */ = {
			isa = PBXGroup;
			children = (
				FA5D8C332163ADA000DB5006 /* SplashVC.swift */,
			);
			name = Controllers;
			sourceTree = "<group>";
		};
		FA933CB821A8476D001B84A0 /* CustomUI */ = {
			isa = PBXGroup;
			children = (
				FABBCB2521537BFD000E7209 /* YKBaseView */,
				FA802F9B21538D2200B4A21F /* YKBaseButton.swift */,
				FA5A200C215523CE006D1392 /* YKBaseLabel.swift */,
				FA5A201521555C8C006D1392 /* YKTextField.swift */,
				FA933CBA21A84796001B84A0 /* YKTextView.swift */,
			);
			name = CustomUI;
			sourceTree = "<group>";
		};
		FABBCB2521537BFD000E7209 /* YKBaseView */ = {
			isa = PBXGroup;
			children = (
				FABBCB2621537C3E000E7209 /* YKBaseView.swift */,
				FABBCB2821537CBA000E7209 /* YKBaseView.xib */,
			);
			name = YKBaseView;
			sourceTree = "<group>";
		};
/* End PBXGroup section */

/* Begin PBXNativeTarget section */
		607FACCF1AFB9204008FA782 /* YKCommonLibrary_Example */ = {
			isa = PBXNativeTarget;
			buildConfigurationList = 607FACEF1AFB9204008FA782 /* Build configuration list for PBXNativeTarget "YKCommonLibrary_Example" */;
			buildPhases = (
				65AE8A5532B9B289BA0F6BB0 /* [CP] Check Pods Manifest.lock */,
				607FACCC1AFB9204008FA782 /* Sources */,
				607FACCD1AFB9204008FA782 /* Frameworks */,
				607FACCE1AFB9204008FA782 /* Resources */,
				07201AC4B177E9BF6B245092 /* [CP] Embed Pods Frameworks */,
			);
			buildRules = (
			);
			dependencies = (
			);
			name = YKCommonLibrary_Example;
			productName = YKCommonLibrary;
			productReference = 607FACD01AFB9204008FA782 /* YKCommonLibrary_Example.app */;
			productType = "com.apple.product-type.application";
		};
		607FACE41AFB9204008FA782 /* YKCommonLibrary_Tests */ = {
			isa = PBXNativeTarget;
			buildConfigurationList = 607FACF21AFB9204008FA782 /* Build configuration list for PBXNativeTarget "YKCommonLibrary_Tests" */;
			buildPhases = (
				BCA6D027ED0D051B9B9723B0 /* [CP] Check Pods Manifest.lock */,
				607FACE11AFB9204008FA782 /* Sources */,
				607FACE21AFB9204008FA782 /* Frameworks */,
				607FACE31AFB9204008FA782 /* Resources */,
				9C374093E679D93DD735C8CD /* [CP] Embed Pods Frameworks */,
			);
			buildRules = (
			);
			dependencies = (
				607FACE71AFB9204008FA782 /* PBXTargetDependency */,
			);
			name = YKCommonLibrary_Tests;
			productName = Tests;
			productReference = 607FACE51AFB9204008FA782 /* YKCommonLibrary_Tests.xctest */;
			productType = "com.apple.product-type.bundle.unit-test";
		};
/* End PBXNativeTarget section */

/* Begin PBXProject section */
		607FACC81AFB9204008FA782 /* Project object */ = {
			isa = PBXProject;
			attributes = {
				LastSwiftUpdateCheck = 0830;
				LastUpgradeCheck = 1010;
				ORGANIZATIONNAME = CocoaPods;
				TargetAttributes = {
					607FACCF1AFB9204008FA782 = {
						CreatedOnToolsVersion = 6.3.1;
						LastSwiftMigration = 0900;
						ProvisioningStyle = Manual;
					};
					607FACE41AFB9204008FA782 = {
						CreatedOnToolsVersion = 6.3.1;
						LastSwiftMigration = 0900;
						TestTargetID = 607FACCF1AFB9204008FA782;
					};
				};
			};
			buildConfigurationList = 607FACCB1AFB9204008FA782 /* Build configuration list for PBXProject "YKCommonLibrary" */;
			compatibilityVersion = "Xcode 3.2";
			developmentRegion = English;
			hasScannedForEncodings = 0;
			knownRegions = (
				en,
				Base,
			);
			mainGroup = 607FACC71AFB9204008FA782;
			productRefGroup = 607FACD11AFB9204008FA782 /* Products */;
			projectDirPath = "";
			projectRoot = "";
			targets = (
				607FACCF1AFB9204008FA782 /* YKCommonLibrary_Example */,
				607FACE41AFB9204008FA782 /* YKCommonLibrary_Tests */,
			);
		};
/* End PBXProject section */

/* Begin PBXResourcesBuildPhase section */
		607FACCE1AFB9204008FA782 /* Resources */ = {
			isa = PBXResourcesBuildPhase;
			buildActionMask = 2147483647;
			files = (
				607FACDB1AFB9204008FA782 /* Main.storyboard in Resources */,
				FA933CB721A84755001B84A0 /* YKTextViewConfig.json in Resources */,
				FA5D8C312163A8AF00DB5006 /* SplashView.xib in Resources */,
				FA5A201321555C25006D1392 /* YKTextFieldConfig.json in Resources */,
				FA51FE1021541A0A004E9970 /* YKButtonConfig.json in Resources */,
				FABBCB2921537CBA000E7209 /* YKBaseView.xib in Resources */,
				607FACE01AFB9204008FA782 /* LaunchScreen.xib in Resources */,
				607FACDD1AFB9204008FA782 /* Images.xcassets in Resources */,
				FA5A200A21551AB2006D1392 /* YKLabelConfig.json in Resources */,
				FA5D8C262163947000DB5006 /* SplashJSON.json in Resources */,
			);
			runOnlyForDeploymentPostprocessing = 0;
		};
		607FACE31AFB9204008FA782 /* Resources */ = {
			isa = PBXResourcesBuildPhase;
			buildActionMask = 2147483647;
			files = (
				FA51FE052153F24A004E9970 /* YKBaseView.xib in Resources */,
			);
			runOnlyForDeploymentPostprocessing = 0;
		};
/* End PBXResourcesBuildPhase section */

/* Begin PBXShellScriptBuildPhase section */
		07201AC4B177E9BF6B245092 /* [CP] Embed Pods Frameworks */ = {
			isa = PBXShellScriptBuildPhase;
			buildActionMask = 2147483647;
			files = (
			);
			inputPaths = (
				"${SRCROOT}/Pods/Target Support Files/Pods-YKCommonLibrary_Example/Pods-YKCommonLibrary_Example-frameworks.sh",
				"${BUILT_PRODUCTS_DIR}/ObjcExceptionBridging/ObjcExceptionBridging.framework",
				"${BUILT_PRODUCTS_DIR}/XCGLogger/XCGLogger.framework",
				"${BUILT_PRODUCTS_DIR}/YKCommonLibrary/YKCommonLibrary.framework",
			);
			name = "[CP] Embed Pods Frameworks";
			outputPaths = (
				"${TARGET_BUILD_DIR}/${FRAMEWORKS_FOLDER_PATH}/ObjcExceptionBridging.framework",
				"${TARGET_BUILD_DIR}/${FRAMEWORKS_FOLDER_PATH}/XCGLogger.framework",
				"${TARGET_BUILD_DIR}/${FRAMEWORKS_FOLDER_PATH}/YKCommonLibrary.framework",
			);
			runOnlyForDeploymentPostprocessing = 0;
			shellPath = /bin/sh;
			shellScript = "\"${SRCROOT}/Pods/Target Support Files/Pods-YKCommonLibrary_Example/Pods-YKCommonLibrary_Example-frameworks.sh\"\n";
			showEnvVarsInLog = 0;
		};
		65AE8A5532B9B289BA0F6BB0 /* [CP] Check Pods Manifest.lock */ = {
			isa = PBXShellScriptBuildPhase;
			buildActionMask = 2147483647;
			files = (
			);
			inputPaths = (
				"${PODS_PODFILE_DIR_PATH}/Podfile.lock",
				"${PODS_ROOT}/Manifest.lock",
			);
			name = "[CP] Check Pods Manifest.lock";
			outputPaths = (
				"$(DERIVED_FILE_DIR)/Pods-YKCommonLibrary_Example-checkManifestLockResult.txt",
			);
			runOnlyForDeploymentPostprocessing = 0;
			shellPath = /bin/sh;
			shellScript = "diff \"${PODS_PODFILE_DIR_PATH}/Podfile.lock\" \"${PODS_ROOT}/Manifest.lock\" > /dev/null\nif [ $? != 0 ] ; then\n    # print error to STDERR\n    echo \"error: The sandbox is not in sync with the Podfile.lock. Run 'pod install' or update your CocoaPods installation.\" >&2\n    exit 1\nfi\n# This output is used by Xcode 'outputs' to avoid re-running this script phase.\necho \"SUCCESS\" > \"${SCRIPT_OUTPUT_FILE_0}\"\n";
			showEnvVarsInLog = 0;
		};
		9C374093E679D93DD735C8CD /* [CP] Embed Pods Frameworks */ = {
			isa = PBXShellScriptBuildPhase;
			buildActionMask = 2147483647;
			files = (
			);
			inputPaths = (
				"${SRCROOT}/Pods/Target Support Files/Pods-YKCommonLibrary_Tests/Pods-YKCommonLibrary_Tests-frameworks.sh",
				"${BUILT_PRODUCTS_DIR}/FBSnapshotTestCase/FBSnapshotTestCase.framework",
				"${BUILT_PRODUCTS_DIR}/Nimble/Nimble.framework",
				"${BUILT_PRODUCTS_DIR}/Nimble-Snapshots/Nimble_Snapshots.framework",
				"${BUILT_PRODUCTS_DIR}/Quick/Quick.framework",
				"${BUILT_PRODUCTS_DIR}/iOSSnapshotTestCase/FBSnapshotTestCase.framework",
			);
			name = "[CP] Embed Pods Frameworks";
			outputPaths = (
				"${TARGET_BUILD_DIR}/${FRAMEWORKS_FOLDER_PATH}/FBSnapshotTestCase.framework",
				"${TARGET_BUILD_DIR}/${FRAMEWORKS_FOLDER_PATH}/Nimble.framework",
				"${TARGET_BUILD_DIR}/${FRAMEWORKS_FOLDER_PATH}/Nimble_Snapshots.framework",
				"${TARGET_BUILD_DIR}/${FRAMEWORKS_FOLDER_PATH}/Quick.framework",
			);
			runOnlyForDeploymentPostprocessing = 0;
			shellPath = /bin/sh;
			shellScript = "\"${SRCROOT}/Pods/Target Support Files/Pods-YKCommonLibrary_Tests/Pods-YKCommonLibrary_Tests-frameworks.sh\"\n";
			showEnvVarsInLog = 0;
		};
		BCA6D027ED0D051B9B9723B0 /* [CP] Check Pods Manifest.lock */ = {
			isa = PBXShellScriptBuildPhase;
			buildActionMask = 2147483647;
			files = (
			);
			inputPaths = (
				"${PODS_PODFILE_DIR_PATH}/Podfile.lock",
				"${PODS_ROOT}/Manifest.lock",
			);
			name = "[CP] Check Pods Manifest.lock";
			outputPaths = (
				"$(DERIVED_FILE_DIR)/Pods-YKCommonLibrary_Tests-checkManifestLockResult.txt",
			);
			runOnlyForDeploymentPostprocessing = 0;
			shellPath = /bin/sh;
			shellScript = "diff \"${PODS_PODFILE_DIR_PATH}/Podfile.lock\" \"${PODS_ROOT}/Manifest.lock\" > /dev/null\nif [ $? != 0 ] ; then\n    # print error to STDERR\n    echo \"error: The sandbox is not in sync with the Podfile.lock. Run 'pod install' or update your CocoaPods installation.\" >&2\n    exit 1\nfi\n# This output is used by Xcode 'outputs' to avoid re-running this script phase.\necho \"SUCCESS\" > \"${SCRIPT_OUTPUT_FILE_0}\"\n";
			showEnvVarsInLog = 0;
		};
/* End PBXShellScriptBuildPhase section */

/* Begin PBXSourcesBuildPhase section */
		607FACCC1AFB9204008FA782 /* Sources */ = {
			isa = PBXSourcesBuildPhase;
			buildActionMask = 2147483647;
			files = (
				FA933CBB21A84796001B84A0 /* YKTextView.swift in Sources */,
				FAE773592155C121009EFB13 /* AppConfigurator.swift in Sources */,
				FA5D8C342163ADA000DB5006 /* SplashVC.swift in Sources */,
				FA5A200D215523CE006D1392 /* YKBaseLabel.swift in Sources */,
				FA5D8C292163949800DB5006 /* Splash.swift in Sources */,
				FA5D8C2B216394A500DB5006 /* SplashViewModel.swift in Sources */,
				FA802F9C21538D2200B4A21F /* YKBaseButton.swift in Sources */,
				FABBCB2721537C3E000E7209 /* YKBaseView.swift in Sources */,
				FA5D8C2F2163A8A500DB5006 /* SplashView.swift in Sources */,
				607FACD61AFB9204008FA782 /* AppDelegate.swift in Sources */,
				FA5A201621555C8C006D1392 /* YKTextField.swift in Sources */,
			);
			runOnlyForDeploymentPostprocessing = 0;
		};
		607FACE11AFB9204008FA782 /* Sources */ = {
			isa = PBXSourcesBuildPhase;
			buildActionMask = 2147483647;
			files = (
				FA43A92A215A57EB00407391 /* ConfigurationJSONTests.swift in Sources */,
				FA16F341215644050051154B /* AppConfigurator.swift in Sources */,
				FA933CB921A8477A001B84A0 /* YKBaseLabel.swift in Sources */,
				FAE7735B2155C14A009EFB13 /* AppConfiguratorTests.swift in Sources */,
				FA91A6022152596500FDA55B /* BaseButtonTests.swift in Sources */,
				FA91A60421525C0F00FDA55B /* BaseLabelTests.swift in Sources */,
				FA5A200F2155516C006D1392 /* BaseTextFieldTests.swift in Sources */,
				607FACEC1AFB9204008FA782 /* Tests.swift in Sources */,
				FA51FE042153F171004E9970 /* YKBaseView.swift in Sources */,
				FA5A2018215563A1006D1392 /* YKTextField.swift in Sources */,
				FAF6441D215396CB00C3935B /* YKBaseButton.swift in Sources */,
				FA51FE0D2154192B004E9970 /* ConfiguratorTests.swift in Sources */,
				FA09E94E2153831F00A87FC2 /* BaseViewTests.swift in Sources */,
			);
			runOnlyForDeploymentPostprocessing = 0;
		};
/* End PBXSourcesBuildPhase section */

/* Begin PBXTargetDependency section */
		607FACE71AFB9204008FA782 /* PBXTargetDependency */ = {
			isa = PBXTargetDependency;
			target = 607FACCF1AFB9204008FA782 /* YKCommonLibrary_Example */;
			targetProxy = 607FACE61AFB9204008FA782 /* PBXContainerItemProxy */;
		};
/* End PBXTargetDependency section */

/* Begin PBXVariantGroup section */
		607FACD91AFB9204008FA782 /* Main.storyboard */ = {
			isa = PBXVariantGroup;
			children = (
				607FACDA1AFB9204008FA782 /* Base */,
			);
			name = Main.storyboard;
			sourceTree = "<group>";
		};
		607FACDE1AFB9204008FA782 /* LaunchScreen.xib */ = {
			isa = PBXVariantGroup;
			children = (
				607FACDF1AFB9204008FA782 /* Base */,
			);
			name = LaunchScreen.xib;
			sourceTree = "<group>";
		};
/* End PBXVariantGroup section */

/* Begin XCBuildConfiguration section */
		607FACED1AFB9204008FA782 /* Debug */ = {
			isa = XCBuildConfiguration;
			buildSettings = {
				ALWAYS_SEARCH_USER_PATHS = NO;
				CLANG_CXX_LANGUAGE_STANDARD = "gnu++0x";
				CLANG_CXX_LIBRARY = "libc++";
				CLANG_ENABLE_MODULES = YES;
				CLANG_ENABLE_OBJC_ARC = YES;
				CLANG_WARN_BLOCK_CAPTURE_AUTORELEASING = YES;
				CLANG_WARN_BOOL_CONVERSION = YES;
				CLANG_WARN_COMMA = YES;
				CLANG_WARN_CONSTANT_CONVERSION = YES;
				CLANG_WARN_DEPRECATED_OBJC_IMPLEMENTATIONS = YES;
				CLANG_WARN_DIRECT_OBJC_ISA_USAGE = YES_ERROR;
				CLANG_WARN_EMPTY_BODY = YES;
				CLANG_WARN_ENUM_CONVERSION = YES;
				CLANG_WARN_INFINITE_RECURSION = YES;
				CLANG_WARN_INT_CONVERSION = YES;
				CLANG_WARN_NON_LITERAL_NULL_CONVERSION = YES;
				CLANG_WARN_OBJC_IMPLICIT_RETAIN_SELF = YES;
				CLANG_WARN_OBJC_LITERAL_CONVERSION = YES;
				CLANG_WARN_OBJC_ROOT_CLASS = YES_ERROR;
				CLANG_WARN_RANGE_LOOP_ANALYSIS = YES;
				CLANG_WARN_STRICT_PROTOTYPES = YES;
				CLANG_WARN_SUSPICIOUS_MOVE = YES;
				CLANG_WARN_UNREACHABLE_CODE = YES;
				CLANG_WARN__DUPLICATE_METHOD_MATCH = YES;
				"CODE_SIGN_IDENTITY[sdk=iphoneos*]" = "iPhone Developer";
				COPY_PHASE_STRIP = NO;
				DEBUG_INFORMATION_FORMAT = "dwarf-with-dsym";
				ENABLE_STRICT_OBJC_MSGSEND = YES;
				ENABLE_TESTABILITY = YES;
				GCC_C_LANGUAGE_STANDARD = gnu99;
				GCC_DYNAMIC_NO_PIC = NO;
				GCC_NO_COMMON_BLOCKS = YES;
				GCC_OPTIMIZATION_LEVEL = 0;
				GCC_PREPROCESSOR_DEFINITIONS = (
					"DEBUG=1",
					"$(inherited)",
				);
				GCC_SYMBOLS_PRIVATE_EXTERN = NO;
				GCC_WARN_64_TO_32_BIT_CONVERSION = YES;
				GCC_WARN_ABOUT_RETURN_TYPE = YES_ERROR;
				GCC_WARN_UNDECLARED_SELECTOR = YES;
				GCC_WARN_UNINITIALIZED_AUTOS = YES_AGGRESSIVE;
				GCC_WARN_UNUSED_FUNCTION = YES;
				GCC_WARN_UNUSED_VARIABLE = YES;
				IPHONEOS_DEPLOYMENT_TARGET = 9.3;
				MTL_ENABLE_DEBUG_INFO = YES;
				ONLY_ACTIVE_ARCH = YES;
				SDKROOT = iphoneos;
				SWIFT_OPTIMIZATION_LEVEL = "-Onone";
			};
			name = Debug;
		};
		607FACEE1AFB9204008FA782 /* Release */ = {
			isa = XCBuildConfiguration;
			buildSettings = {
				ALWAYS_SEARCH_USER_PATHS = NO;
				CLANG_CXX_LANGUAGE_STANDARD = "gnu++0x";
				CLANG_CXX_LIBRARY = "libc++";
				CLANG_ENABLE_MODULES = YES;
				CLANG_ENABLE_OBJC_ARC = YES;
				CLANG_WARN_BLOCK_CAPTURE_AUTORELEASING = YES;
				CLANG_WARN_BOOL_CONVERSION = YES;
				CLANG_WARN_COMMA = YES;
				CLANG_WARN_CONSTANT_CONVERSION = YES;
				CLANG_WARN_DEPRECATED_OBJC_IMPLEMENTATIONS = YES;
				CLANG_WARN_DIRECT_OBJC_ISA_USAGE = YES_ERROR;
				CLANG_WARN_EMPTY_BODY = YES;
				CLANG_WARN_ENUM_CONVERSION = YES;
				CLANG_WARN_INFINITE_RECURSION = YES;
				CLANG_WARN_INT_CONVERSION = YES;
				CLANG_WARN_NON_LITERAL_NULL_CONVERSION = YES;
				CLANG_WARN_OBJC_IMPLICIT_RETAIN_SELF = YES;
				CLANG_WARN_OBJC_LITERAL_CONVERSION = YES;
				CLANG_WARN_OBJC_ROOT_CLASS = YES_ERROR;
				CLANG_WARN_RANGE_LOOP_ANALYSIS = YES;
				CLANG_WARN_STRICT_PROTOTYPES = YES;
				CLANG_WARN_SUSPICIOUS_MOVE = YES;
				CLANG_WARN_UNREACHABLE_CODE = YES;
				CLANG_WARN__DUPLICATE_METHOD_MATCH = YES;
				"CODE_SIGN_IDENTITY[sdk=iphoneos*]" = "iPhone Developer";
				COPY_PHASE_STRIP = NO;
				DEBUG_INFORMATION_FORMAT = "dwarf-with-dsym";
				ENABLE_NS_ASSERTIONS = NO;
				ENABLE_STRICT_OBJC_MSGSEND = YES;
				GCC_C_LANGUAGE_STANDARD = gnu99;
				GCC_NO_COMMON_BLOCKS = YES;
				GCC_WARN_64_TO_32_BIT_CONVERSION = YES;
				GCC_WARN_ABOUT_RETURN_TYPE = YES_ERROR;
				GCC_WARN_UNDECLARED_SELECTOR = YES;
				GCC_WARN_UNINITIALIZED_AUTOS = YES_AGGRESSIVE;
				GCC_WARN_UNUSED_FUNCTION = YES;
				GCC_WARN_UNUSED_VARIABLE = YES;
				IPHONEOS_DEPLOYMENT_TARGET = 9.3;
				MTL_ENABLE_DEBUG_INFO = NO;
				SDKROOT = iphoneos;
				SWIFT_OPTIMIZATION_LEVEL = "-Owholemodule";
				VALIDATE_PRODUCT = YES;
			};
			name = Release;
		};
		607FACF01AFB9204008FA782 /* Debug */ = {
			isa = XCBuildConfiguration;
			baseConfigurationReference = 9CEE8CE4F655249EBEA83F14 /* Pods-YKCommonLibrary_Example.debug.xcconfig */;
			buildSettings = {
				ASSETCATALOG_COMPILER_APPICON_NAME = AppIcon;
				CODE_SIGN_STYLE = Manual;
				DEVELOPMENT_TEAM = "";
				INFOPLIST_FILE = YKCommonLibrary/Info.plist;
				IPHONEOS_DEPLOYMENT_TARGET = 9.0;
				LD_RUNPATH_SEARCH_PATHS = "$(inherited) @executable_path/Frameworks";
				MODULE_NAME = ExampleApp;
				PRODUCT_BUNDLE_IDENTIFIER = "org.cocoapods.demo.$(PRODUCT_NAME:rfc1034identifier)";
				PRODUCT_NAME = "$(TARGET_NAME)";
				PROVISIONING_PROFILE_SPECIFIER = "";
				SWIFT_SWIFT3_OBJC_INFERENCE = Default;
				SWIFT_VERSION = 4.2;
			};
			name = Debug;
		};
		607FACF11AFB9204008FA782 /* Release */ = {
			isa = XCBuildConfiguration;
			baseConfigurationReference = 2B5BF9C5B85D61216542F94E /* Pods-YKCommonLibrary_Example.release.xcconfig */;
			buildSettings = {
				ASSETCATALOG_COMPILER_APPICON_NAME = AppIcon;
				CODE_SIGN_STYLE = Manual;
				DEVELOPMENT_TEAM = "";
				INFOPLIST_FILE = YKCommonLibrary/Info.plist;
				IPHONEOS_DEPLOYMENT_TARGET = 9.0;
				LD_RUNPATH_SEARCH_PATHS = "$(inherited) @executable_path/Frameworks";
				MODULE_NAME = ExampleApp;
				PRODUCT_BUNDLE_IDENTIFIER = "org.cocoapods.demo.$(PRODUCT_NAME:rfc1034identifier)";
				PRODUCT_NAME = "$(TARGET_NAME)";
				PROVISIONING_PROFILE_SPECIFIER = "";
				SWIFT_SWIFT3_OBJC_INFERENCE = Default;
				SWIFT_VERSION = 4.2;
			};
			name = Release;
		};
		607FACF31AFB9204008FA782 /* Debug */ = {
			isa = XCBuildConfiguration;
			baseConfigurationReference = 84F24814745FD35853958C46 /* Pods-YKCommonLibrary_Tests.debug.xcconfig */;
			buildSettings = {
				FRAMEWORK_SEARCH_PATHS = (
					"$(SDKROOT)/Developer/Library/Frameworks",
					"$(inherited)",
				);
				GCC_PREPROCESSOR_DEFINITIONS = (
					"DEBUG=1",
					"$(inherited)",
				);
				INFOPLIST_FILE = Tests/Info.plist;
				LD_RUNPATH_SEARCH_PATHS = "$(inherited) @executable_path/Frameworks @loader_path/Frameworks";
				PRODUCT_BUNDLE_IDENTIFIER = "org.cocoapods.$(PRODUCT_NAME:rfc1034identifier)";
				PRODUCT_NAME = "$(TARGET_NAME)";
				SWIFT_SWIFT3_OBJC_INFERENCE = Default;
				SWIFT_VERSION = 4.0;
				TEST_HOST = "$(BUILT_PRODUCTS_DIR)/YKCommonLibrary_Example.app/YKCommonLibrary_Example";
			};
			name = Debug;
		};
		607FACF41AFB9204008FA782 /* Release */ = {
			isa = XCBuildConfiguration;
			baseConfigurationReference = 1A0767A131AB4A483E9CDE89 /* Pods-YKCommonLibrary_Tests.release.xcconfig */;
			buildSettings = {
				FRAMEWORK_SEARCH_PATHS = (
					"$(SDKROOT)/Developer/Library/Frameworks",
					"$(inherited)",
				);
				INFOPLIST_FILE = Tests/Info.plist;
				LD_RUNPATH_SEARCH_PATHS = "$(inherited) @executable_path/Frameworks @loader_path/Frameworks";
				PRODUCT_BUNDLE_IDENTIFIER = "org.cocoapods.$(PRODUCT_NAME:rfc1034identifier)";
				PRODUCT_NAME = "$(TARGET_NAME)";
				SWIFT_SWIFT3_OBJC_INFERENCE = Default;
				SWIFT_VERSION = 4.0;
				TEST_HOST = "$(BUILT_PRODUCTS_DIR)/YKCommonLibrary_Example.app/YKCommonLibrary_Example";
			};
			name = Release;
		};
/* End XCBuildConfiguration section */

/* Begin XCConfigurationList section */
		607FACCB1AFB9204008FA782 /* Build configuration list for PBXProject "YKCommonLibrary" */ = {
			isa = XCConfigurationList;
			buildConfigurations = (
				607FACED1AFB9204008FA782 /* Debug */,
				607FACEE1AFB9204008FA782 /* Release */,
			);
			defaultConfigurationIsVisible = 0;
			defaultConfigurationName = Release;
		};
		607FACEF1AFB9204008FA782 /* Build configuration list for PBXNativeTarget "YKCommonLibrary_Example" */ = {
			isa = XCConfigurationList;
			buildConfigurations = (
				607FACF01AFB9204008FA782 /* Debug */,
				607FACF11AFB9204008FA782 /* Release */,
			);
			defaultConfigurationIsVisible = 0;
			defaultConfigurationName = Release;
		};
		607FACF21AFB9204008FA782 /* Build configuration list for PBXNativeTarget "YKCommonLibrary_Tests" */ = {
			isa = XCConfigurationList;
			buildConfigurations = (
				607FACF31AFB9204008FA782 /* Debug */,
				607FACF41AFB9204008FA782 /* Release */,
			);
			defaultConfigurationIsVisible = 0;
			defaultConfigurationName = Release;
		};
/* End XCConfigurationList section */
	};
	rootObject = 607FACC81AFB9204008FA782 /* Project object */;
}
